Microsoft Visual Studio Solution File, Format Version 12.00
# Visual Studio 15
VisualStudioVersion = 15.0.27703.2026
MinimumVisualStudioVersion = 10.0.40219.1
Project("{2150E333-8FDC-42A3-9474-1A3956D46DE8}") = "Global.InputForms", "Global.InputForms", "{173B837F-9A35-4336-B632-B770A4B3212D}"
EndProject
Project("{2150E333-8FDC-42A3-9474-1A3956D46DE8}") = "Solution", "Solution", "{668069D4-D406-419B-B7A0-89B6B92FF6F1}"
	ProjectSection(SolutionItems) = preProject
		build.sh = build.sh
		build.cake = build.cake
		build.ps1 = build.ps1
	EndProjectSection
EndProject
Project("{FAE04EC0-301F-11D3-BF4B-00C04F79EFBC}") = "Global.InputForms", "Global.InputForms\Global.InputForms.csproj", "{DD698C34-ABA4-4B3D-94A3-90D6983A31E2}"
EndProject
Project("{FAE04EC0-301F-11D3-BF4B-00C04F79EFBC}") = "Global.InputForms.Droid", "Global.InputForms.Droid\Global.InputForms.Droid.csproj", "{1EF8FB0E-5EBA-44A2-A12C-FB1D87AA32BF}"
EndProject
Project("{FAE04EC0-301F-11D3-BF4B-00C04F79EFBC}") = "Global.InputForms.iOS", "Global.InputForms.iOS\Global.InputForms.iOS.csproj", "{CB53C8DB-6CC9-4C3D-BAA9-9C49A603C074}"
EndProject
Project("{2150E333-8FDC-42A3-9474-1A3956D46DE8}") = "Sample", "Sample", "{E0057515-F954-4797-8636-D35204FBA29F}"
EndProject
Project("{FAE04EC0-301F-11D3-BF4B-00C04F79EFBC}") = "SampleApp", "Sample\SampleApp\SampleApp.csproj", "{0FC4C227-8CC8-4059-946A-669845695006}"
EndProject
Project("{FAE04EC0-301F-11D3-BF4B-00C04F79EFBC}") = "SampleApp.Droid", "Sample\SampleApp.Droid\SampleApp.Droid.csproj", "{D3711F4F-17CD-4F46-BDFA-8032CB95FD30}"
EndProject
Project("{FAE04EC0-301F-11D3-BF4B-00C04F79EFBC}") = "SampleApp.iOS", "Sample\SampleApp.iOS\SampleApp.iOS.csproj", "{4F2FB307-CE51-47AF-8F24-83802120DC31}"
EndProject
Global
	GlobalSection(SolutionConfigurationPlatforms) = preSolution
		Ad-Hoc|Any CPU = Ad-Hoc|Any CPU
		Ad-Hoc|iPhone = Ad-Hoc|iPhone
		Ad-Hoc|iPhoneSimulator = Ad-Hoc|iPhoneSimulator
		AppStore|Any CPU = AppStore|Any CPU
		AppStore|iPhone = AppStore|iPhone
		AppStore|iPhoneSimulator = AppStore|iPhoneSimulator
		Debug|Any CPU = Debug|Any CPU
		Debug|iPhone = Debug|iPhone
		Debug|iPhoneSimulator = Debug|iPhoneSimulator
		Release|Any CPU = Release|Any CPU
		Release|iPhone = Release|iPhone
		Release|iPhoneSimulator = Release|iPhoneSimulator
	EndGlobalSection
	GlobalSection(ProjectConfigurationPlatforms) = postSolution
		{DD698C34-ABA4-4B3D-94A3-90D6983A31E2}.Ad-Hoc|Any CPU.ActiveCfg = Debug|Any CPU
		{DD698C34-ABA4-4B3D-94A3-90D6983A31E2}.Ad-Hoc|Any CPU.Build.0 = Debug|Any CPU
		{DD698C34-ABA4-4B3D-94A3-90D6983A31E2}.Ad-Hoc|iPhone.ActiveCfg = Debug|Any CPU
		{DD698C34-ABA4-4B3D-94A3-90D6983A31E2}.Ad-Hoc|iPhone.Build.0 = Debug|Any CPU
		{DD698C34-ABA4-4B3D-94A3-90D6983A31E2}.Ad-Hoc|iPhoneSimulator.ActiveCfg = Debug|Any CPU
		{DD698C34-ABA4-4B3D-94A3-90D6983A31E2}.Ad-Hoc|iPhoneSimulator.Build.0 = Debug|Any CPU
		{DD698C34-ABA4-4B3D-94A3-90D6983A31E2}.AppStore|Any CPU.ActiveCfg = Debug|Any CPU
		{DD698C34-ABA4-4B3D-94A3-90D6983A31E2}.AppStore|Any CPU.Build.0 = Debug|Any CPU
		{DD698C34-ABA4-4B3D-94A3-90D6983A31E2}.AppStore|iPhone.ActiveCfg = Debug|Any CPU
		{DD698C34-ABA4-4B3D-94A3-90D6983A31E2}.AppStore|iPhone.Build.0 = Debug|Any CPU
		{DD698C34-ABA4-4B3D-94A3-90D6983A31E2}.AppStore|iPhoneSimulator.ActiveCfg = Debug|Any CPU
		{DD698C34-ABA4-4B3D-94A3-90D6983A31E2}.AppStore|iPhoneSimulator.Build.0 = Debug|Any CPU
		{DD698C34-ABA4-4B3D-94A3-90D6983A31E2}.Debug|Any CPU.ActiveCfg = Debug|Any CPU
		{DD698C34-ABA4-4B3D-94A3-90D6983A31E2}.Debug|Any CPU.Build.0 = Debug|Any CPU
		{DD698C34-ABA4-4B3D-94A3-90D6983A31E2}.Debug|iPhone.ActiveCfg = Debug|Any CPU
		{DD698C34-ABA4-4B3D-94A3-90D6983A31E2}.Debug|iPhone.Build.0 = Debug|Any CPU
		{DD698C34-ABA4-4B3D-94A3-90D6983A31E2}.Debug|iPhoneSimulator.ActiveCfg = Debug|Any CPU
		{DD698C34-ABA4-4B3D-94A3-90D6983A31E2}.Debug|iPhoneSimulator.Build.0 = Debug|Any CPU
		{DD698C34-ABA4-4B3D-94A3-90D6983A31E2}.Release|Any CPU.ActiveCfg = Release|Any CPU
		{DD698C34-ABA4-4B3D-94A3-90D6983A31E2}.Release|Any CPU.Build.0 = Release|Any CPU
		{DD698C34-ABA4-4B3D-94A3-90D6983A31E2}.Release|iPhone.ActiveCfg = Release|Any CPU
		{DD698C34-ABA4-4B3D-94A3-90D6983A31E2}.Release|iPhone.Build.0 = Release|Any CPU
		{DD698C34-ABA4-4B3D-94A3-90D6983A31E2}.Release|iPhoneSimulator.ActiveCfg = Release|Any CPU
		{DD698C34-ABA4-4B3D-94A3-90D6983A31E2}.Release|iPhoneSimulator.Build.0 = Release|Any CPU
		{1EF8FB0E-5EBA-44A2-A12C-FB1D87AA32BF}.Ad-Hoc|Any CPU.ActiveCfg = Debug|Any CPU
		{1EF8FB0E-5EBA-44A2-A12C-FB1D87AA32BF}.Ad-Hoc|Any CPU.Build.0 = Debug|Any CPU
		{1EF8FB0E-5EBA-44A2-A12C-FB1D87AA32BF}.Ad-Hoc|iPhone.ActiveCfg = Debug|Any CPU
		{1EF8FB0E-5EBA-44A2-A12C-FB1D87AA32BF}.Ad-Hoc|iPhone.Build.0 = Debug|Any CPU
		{1EF8FB0E-5EBA-44A2-A12C-FB1D87AA32BF}.Ad-Hoc|iPhoneSimulator.ActiveCfg = Debug|Any CPU
		{1EF8FB0E-5EBA-44A2-A12C-FB1D87AA32BF}.Ad-Hoc|iPhoneSimulator.Build.0 = Debug|Any CPU
		{1EF8FB0E-5EBA-44A2-A12C-FB1D87AA32BF}.AppStore|Any CPU.ActiveCfg = Debug|Any CPU
		{1EF8FB0E-5EBA-44A2-A12C-FB1D87AA32BF}.AppStore|Any CPU.Build.0 = Debug|Any CPU
		{1EF8FB0E-5EBA-44A2-A12C-FB1D87AA32BF}.AppStore|iPhone.ActiveCfg = Debug|Any CPU
		{1EF8FB0E-5EBA-44A2-A12C-FB1D87AA32BF}.AppStore|iPhone.Build.0 = Debug|Any CPU
		{1EF8FB0E-5EBA-44A2-A12C-FB1D87AA32BF}.AppStore|iPhoneSimulator.ActiveCfg = Debug|Any CPU
		{1EF8FB0E-5EBA-44A2-A12C-FB1D87AA32BF}.AppStore|iPhoneSimulator.Build.0 = Debug|Any CPU
		{1EF8FB0E-5EBA-44A2-A12C-FB1D87AA32BF}.Debug|Any CPU.ActiveCfg = Debug|Any CPU
		{1EF8FB0E-5EBA-44A2-A12C-FB1D87AA32BF}.Debug|Any CPU.Build.0 = Debug|Any CPU
		{1EF8FB0E-5EBA-44A2-A12C-FB1D87AA32BF}.Debug|iPhone.ActiveCfg = Debug|Any CPU
		{1EF8FB0E-5EBA-44A2-A12C-FB1D87AA32BF}.Debug|iPhone.Build.0 = Debug|Any CPU
		{1EF8FB0E-5EBA-44A2-A12C-FB1D87AA32BF}.Debug|iPhoneSimulator.ActiveCfg = Debug|Any CPU
		{1EF8FB0E-5EBA-44A2-A12C-FB1D87AA32BF}.Debug|iPhoneSimulator.Build.0 = Debug|Any CPU
		{1EF8FB0E-5EBA-44A2-A12C-FB1D87AA32BF}.Release|Any CPU.ActiveCfg = Release|Any CPU
		{1EF8FB0E-5EBA-44A2-A12C-FB1D87AA32BF}.Release|Any CPU.Build.0 = Release|Any CPU
		{1EF8FB0E-5EBA-44A2-A12C-FB1D87AA32BF}.Release|iPhone.ActiveCfg = Release|Any CPU
		{1EF8FB0E-5EBA-44A2-A12C-FB1D87AA32BF}.Release|iPhone.Build.0 = Release|Any CPU
		{1EF8FB0E-5EBA-44A2-A12C-FB1D87AA32BF}.Release|iPhoneSimulator.ActiveCfg = Release|Any CPU
		{1EF8FB0E-5EBA-44A2-A12C-FB1D87AA32BF}.Release|iPhoneSimulator.Build.0 = Release|Any CPU
		{CB53C8DB-6CC9-4C3D-BAA9-9C49A603C074}.Ad-Hoc|Any CPU.ActiveCfg = Ad-Hoc|iPhone
		{CB53C8DB-6CC9-4C3D-BAA9-9C49A603C074}.Ad-Hoc|Any CPU.Build.0 = Ad-Hoc|iPhone
		{CB53C8DB-6CC9-4C3D-BAA9-9C49A603C074}.Ad-Hoc|iPhone.ActiveCfg = Ad-Hoc|iPhone
		{CB53C8DB-6CC9-4C3D-BAA9-9C49A603C074}.Ad-Hoc|iPhone.Build.0 = Ad-Hoc|iPhone
		{CB53C8DB-6CC9-4C3D-BAA9-9C49A603C074}.Ad-Hoc|iPhoneSimulator.ActiveCfg = Debug|iPhoneSimulator
		{CB53C8DB-6CC9-4C3D-BAA9-9C49A603C074}.Ad-Hoc|iPhoneSimulator.Build.0 = Debug|iPhoneSimulator
		{CB53C8DB-6CC9-4C3D-BAA9-9C49A603C074}.AppStore|Any CPU.ActiveCfg = AppStore|iPhone
		{CB53C8DB-6CC9-4C3D-BAA9-9C49A603C074}.AppStore|Any CPU.Build.0 = AppStore|iPhone
		{CB53C8DB-6CC9-4C3D-BAA9-9C49A603C074}.AppStore|iPhone.ActiveCfg = AppStore|iPhone
		{CB53C8DB-6CC9-4C3D-BAA9-9C49A603C074}.AppStore|iPhone.Build.0 = AppStore|iPhone
		{CB53C8DB-6CC9-4C3D-BAA9-9C49A603C074}.AppStore|iPhoneSimulator.ActiveCfg = Debug|iPhoneSimulator
		{CB53C8DB-6CC9-4C3D-BAA9-9C49A603C074}.AppStore|iPhoneSimulator.Build.0 = Debug|iPhoneSimulator
		{CB53C8DB-6CC9-4C3D-BAA9-9C49A603C074}.Debug|Any CPU.ActiveCfg = Debug|iPhoneSimulator
		{CB53C8DB-6CC9-4C3D-BAA9-9C49A603C074}.Debug|Any CPU.Build.0 = Debug|iPhoneSimulator
		{CB53C8DB-6CC9-4C3D-BAA9-9C49A603C074}.Debug|iPhone.ActiveCfg = Debug|iPhone
		{CB53C8DB-6CC9-4C3D-BAA9-9C49A603C074}.Debug|iPhone.Build.0 = Debug|iPhone
		{CB53C8DB-6CC9-4C3D-BAA9-9C49A603C074}.Debug|iPhoneSimulator.ActiveCfg = Debug|iPhoneSimulator
		{CB53C8DB-6CC9-4C3D-BAA9-9C49A603C074}.Debug|iPhoneSimulator.Build.0 = Debug|iPhoneSimulator
		{CB53C8DB-6CC9-4C3D-BAA9-9C49A603C074}.Release|Any CPU.ActiveCfg = Release|iPhoneSimulator
		{CB53C8DB-6CC9-4C3D-BAA9-9C49A603C074}.Release|Any CPU.Build.0 = Release|iPhoneSimulator
		{CB53C8DB-6CC9-4C3D-BAA9-9C49A603C074}.Release|iPhone.ActiveCfg = Release|iPhone
		{CB53C8DB-6CC9-4C3D-BAA9-9C49A603C074}.Release|iPhone.Build.0 = Release|iPhone
		{CB53C8DB-6CC9-4C3D-BAA9-9C49A603C074}.Release|iPhoneSimulator.ActiveCfg = Release|iPhoneSimulator
		{CB53C8DB-6CC9-4C3D-BAA9-9C49A603C074}.Release|iPhoneSimulator.Build.0 = Release|iPhoneSimulator
		{0FC4C227-8CC8-4059-946A-669845695006}.Ad-Hoc|Any CPU.ActiveCfg = Debug|Any CPU
		{0FC4C227-8CC8-4059-946A-669845695006}.Ad-Hoc|Any CPU.Build.0 = Debug|Any CPU
		{0FC4C227-8CC8-4059-946A-669845695006}.Ad-Hoc|iPhone.ActiveCfg = Debug|Any CPU
		{0FC4C227-8CC8-4059-946A-669845695006}.Ad-Hoc|iPhone.Build.0 = Debug|Any CPU
		{0FC4C227-8CC8-4059-946A-669845695006}.Ad-Hoc|iPhoneSimulator.ActiveCfg = Debug|Any CPU
		{0FC4C227-8CC8-4059-946A-669845695006}.Ad-Hoc|iPhoneSimulator.Build.0 = Debug|Any CPU
		{0FC4C227-8CC8-4059-946A-669845695006}.AppStore|Any CPU.ActiveCfg = Debug|Any CPU
		{0FC4C227-8CC8-4059-946A-669845695006}.AppStore|Any CPU.Build.0 = Debug|Any CPU
		{0FC4C227-8CC8-4059-946A-669845695006}.AppStore|iPhone.ActiveCfg = Debug|Any CPU
		{0FC4C227-8CC8-4059-946A-669845695006}.AppStore|iPhone.Build.0 = Debug|Any CPU
		{0FC4C227-8CC8-4059-946A-669845695006}.AppStore|iPhoneSimulator.ActiveCfg = Debug|Any CPU
		{0FC4C227-8CC8-4059-946A-669845695006}.AppStore|iPhoneSimulator.Build.0 = Debug|Any CPU
		{0FC4C227-8CC8-4059-946A-669845695006}.Debug|Any CPU.ActiveCfg = Debug|Any CPU
		{0FC4C227-8CC8-4059-946A-669845695006}.Debug|Any CPU.Build.0 = Debug|Any CPU
		{0FC4C227-8CC8-4059-946A-669845695006}.Debug|iPhone.ActiveCfg = Debug|Any CPU
		{0FC4C227-8CC8-4059-946A-669845695006}.Debug|iPhone.Build.0 = Debug|Any CPU
		{0FC4C227-8CC8-4059-946A-669845695006}.Debug|iPhoneSimulator.ActiveCfg = Debug|Any CPU
		{0FC4C227-8CC8-4059-946A-669845695006}.Debug|iPhoneSimulator.Build.0 = Debug|Any CPU
		{0FC4C227-8CC8-4059-946A-669845695006}.Release|Any CPU.ActiveCfg = Release|Any CPU
		{0FC4C227-8CC8-4059-946A-669845695006}.Release|Any CPU.Build.0 = Release|Any CPU
		{0FC4C227-8CC8-4059-946A-669845695006}.Release|iPhone.ActiveCfg = Release|Any CPU
		{0FC4C227-8CC8-4059-946A-669845695006}.Release|iPhone.Build.0 = Release|Any CPU
		{0FC4C227-8CC8-4059-946A-669845695006}.Release|iPhoneSimulator.ActiveCfg = Release|Any CPU
		{0FC4C227-8CC8-4059-946A-669845695006}.Release|iPhoneSimulator.Build.0 = Release|Any CPU
		{D3711F4F-17CD-4F46-BDFA-8032CB95FD30}.Ad-Hoc|Any CPU.ActiveCfg = Debug|Any CPU
		{D3711F4F-17CD-4F46-BDFA-8032CB95FD30}.Ad-Hoc|Any CPU.Build.0 = Debug|Any CPU
		{D3711F4F-17CD-4F46-BDFA-8032CB95FD30}.Ad-Hoc|iPhone.ActiveCfg = Debug|Any CPU
		{D3711F4F-17CD-4F46-BDFA-8032CB95FD30}.Ad-Hoc|iPhone.Build.0 = Debug|Any CPU
		{D3711F4F-17CD-4F46-BDFA-8032CB95FD30}.Ad-Hoc|iPhoneSimulator.ActiveCfg = Debug|Any CPU
		{D3711F4F-17CD-4F46-BDFA-8032CB95FD30}.Ad-Hoc|iPhoneSimulator.Build.0 = Debug|Any CPU
		{D3711F4F-17CD-4F46-BDFA-8032CB95FD30}.AppStore|Any CPU.ActiveCfg = Debug|Any CPU
		{D3711F4F-17CD-4F46-BDFA-8032CB95FD30}.AppStore|Any CPU.Build.0 = Debug|Any CPU
		{D3711F4F-17CD-4F46-BDFA-8032CB95FD30}.AppStore|iPhone.ActiveCfg = Debug|Any CPU
		{D3711F4F-17CD-4F46-BDFA-8032CB95FD30}.AppStore|iPhone.Build.0 = Debug|Any CPU
		{D3711F4F-17CD-4F46-BDFA-8032CB95FD30}.AppStore|iPhoneSimulator.ActiveCfg = Debug|Any CPU
		{D3711F4F-17CD-4F46-BDFA-8032CB95FD30}.AppStore|iPhoneSimulator.Build.0 = Debug|Any CPU
		{D3711F4F-17CD-4F46-BDFA-8032CB95FD30}.Debug|Any CPU.ActiveCfg = Debug|Any CPU
		{D3711F4F-17CD-4F46-BDFA-8032CB95FD30}.Debug|Any CPU.Build.0 = Debug|Any CPU
		{D3711F4F-17CD-4F46-BDFA-8032CB95FD30}.Debug|iPhone.ActiveCfg = Debug|Any CPU
		{D3711F4F-17CD-4F46-BDFA-8032CB95FD30}.Debug|iPhone.Build.0 = Debug|Any CPU
		{D3711F4F-17CD-4F46-BDFA-8032CB95FD30}.Debug|iPhoneSimulator.ActiveCfg = Debug|Any CPU
		{D3711F4F-17CD-4F46-BDFA-8032CB95FD30}.Debug|iPhoneSimulator.Build.0 = Debug|Any CPU
		{D3711F4F-17CD-4F46-BDFA-8032CB95FD30}.Release|Any CPU.ActiveCfg = Release|Any CPU
		{D3711F4F-17CD-4F46-BDFA-8032CB95FD30}.Release|Any CPU.Build.0 = Release|Any CPU
		{D3711F4F-17CD-4F46-BDFA-8032CB95FD30}.Release|iPhone.ActiveCfg = Release|Any CPU
		{D3711F4F-17CD-4F46-BDFA-8032CB95FD30}.Release|iPhone.Build.0 = Release|Any CPU
		{D3711F4F-17CD-4F46-BDFA-8032CB95FD30}.Release|iPhoneSimulator.ActiveCfg = Release|Any CPU
		{D3711F4F-17CD-4F46-BDFA-8032CB95FD30}.Release|iPhoneSimulator.Build.0 = Release|Any CPU
		{4F2FB307-CE51-47AF-8F24-83802120DC31}.Ad-Hoc|Any CPU.ActiveCfg = Ad-Hoc|iPhone
		{4F2FB307-CE51-47AF-8F24-83802120DC31}.Ad-Hoc|Any CPU.Build.0 = Ad-Hoc|iPhone
		{4F2FB307-CE51-47AF-8F24-83802120DC31}.Ad-Hoc|iPhone.ActiveCfg = Ad-Hoc|iPhone
		{4F2FB307-CE51-47AF-8F24-83802120DC31}.Ad-Hoc|iPhone.Build.0 = Ad-Hoc|iPhone
		{4F2FB307-CE51-47AF-8F24-83802120DC31}.Ad-Hoc|iPhoneSimulator.ActiveCfg = Debug|iPhoneSimulator
		{4F2FB307-CE51-47AF-8F24-83802120DC31}.Ad-Hoc|iPhoneSimulator.Build.0 = Debug|iPhoneSimulator
		{4F2FB307-CE51-47AF-8F24-83802120DC31}.AppStore|Any CPU.ActiveCfg = AppStore|iPhone
		{4F2FB307-CE51-47AF-8F24-83802120DC31}.AppStore|Any CPU.Build.0 = AppStore|iPhone
		{4F2FB307-CE51-47AF-8F24-83802120DC31}.AppStore|iPhone.ActiveCfg = AppStore|iPhone
		{4F2FB307-CE51-47AF-8F24-83802120DC31}.AppStore|iPhone.Build.0 = AppStore|iPhone
		{4F2FB307-CE51-47AF-8F24-83802120DC31}.AppStore|iPhoneSimulator.ActiveCfg = Debug|iPhoneSimulator
		{4F2FB307-CE51-47AF-8F24-83802120DC31}.AppStore|iPhoneSimulator.Build.0 = Debug|iPhoneSimulator
		{4F2FB307-CE51-47AF-8F24-83802120DC31}.Debug|Any CPU.ActiveCfg = Debug|iPhoneSimulator
		{4F2FB307-CE51-47AF-8F24-83802120DC31}.Debug|Any CPU.Build.0 = Debug|iPhoneSimulator
		{4F2FB307-CE51-47AF-8F24-83802120DC31}.Debug|iPhone.ActiveCfg = Debug|iPhone
		{4F2FB307-CE51-47AF-8F24-83802120DC31}.Debug|iPhone.Build.0 = Debug|iPhone
		{4F2FB307-CE51-47AF-8F24-83802120DC31}.Debug|iPhoneSimulator.ActiveCfg = Debug|iPhoneSimulator
		{4F2FB307-CE51-47AF-8F24-83802120DC31}.Debug|iPhoneSimulator.Build.0 = Debug|iPhoneSimulator
		{4F2FB307-CE51-47AF-8F24-83802120DC31}.Release|Any CPU.ActiveCfg = Release|iPhoneSimulator
		{4F2FB307-CE51-47AF-8F24-83802120DC31}.Release|Any CPU.Build.0 = Release|iPhoneSimulator
		{4F2FB307-CE51-47AF-8F24-83802120DC31}.Release|iPhone.ActiveCfg = Release|iPhone
		{4F2FB307-CE51-47AF-8F24-83802120DC31}.Release|iPhone.Build.0 = Release|iPhone
		{4F2FB307-CE51-47AF-8F24-83802120DC31}.Release|iPhoneSimulator.ActiveCfg = Release|iPhoneSimulator
		{4F2FB307-CE51-47AF-8F24-83802120DC31}.Release|iPhoneSimulator.Build.0 = Release|iPhoneSimulator
	EndGlobalSection
	GlobalSection(SolutionProperties) = preSolution
		HideSolutionNode = FALSE
	EndGlobalSection
	GlobalSection(NestedProjects) = preSolution
		{DD698C34-ABA4-4B3D-94A3-90D6983A31E2} = {173B837F-9A35-4336-B632-B770A4B3212D}
		{1EF8FB0E-5EBA-44A2-A12C-FB1D87AA32BF} = {173B837F-9A35-4336-B632-B770A4B3212D}
		{CB53C8DB-6CC9-4C3D-BAA9-9C49A603C074} = {173B837F-9A35-4336-B632-B770A4B3212D}
		{0FC4C227-8CC8-4059-946A-669845695006} = {E0057515-F954-4797-8636-D35204FBA29F}
		{D3711F4F-17CD-4F46-BDFA-8032CB95FD30} = {E0057515-F954-4797-8636-D35204FBA29F}
		{4F2FB307-CE51-47AF-8F24-83802120DC31} = {E0057515-F954-4797-8636-D35204FBA29F}
	EndGlobalSection
	GlobalSection(ExtensibilityGlobals) = postSolution
		SolutionGuid = {177D42E7-DDFE-4061-A82D-B8754CB94AA0}
	EndGlobalSection
EndGlobal
